
Microsoft Visual Studio Solution File, Format Version 12.00
# Visual Studio Version 17
VisualStudioVersion = 17.5.33516.290
MinimumVisualStudioVersion = 10.0.40219.1
Project("{FAE04EC0-301F-11D3-BF4B-00C04F79EFBC}") = "PrincipiosSolid", "PrincipiosSolid\PrincipiosSolid.csproj", "{3A38FCEE-0CC2-49E7-918B-E5CC335444AA}"
EndProject
Project("{FAE04EC0-301F-11D3-BF4B-00C04F79EFBC}") = "CEDHETEC", "CEDHETEC\CEDHETEC.csproj", "{D280DDB0-C4CC-47F9-894E-2E0292473441}"
EndProject
Global
	GlobalSection(SolutionConfigurationPlatforms) = preSolution
		Debug|Any CPU = Debug|Any CPU
		Release|Any CPU = Release|Any CPU
	EndGlobalSection
	GlobalSection(ProjectConfigurationPlatforms) = postSolution
		{3A38FCEE-0CC2-49E7-918B-E5CC335444AA}.Debug|Any CPU.ActiveCfg = Debug|Any CPU
		{3A38FCEE-0CC2-49E7-918B-E5CC335444AA}.Debug|Any CPU.Build.0 = Debug|Any CPU
		{3A38FCEE-0CC2-49E7-918B-E5CC335444AA}.Release|Any CPU.ActiveCfg = Release|Any CPU
		{3A38FCEE-0CC2-49E7-918B-E5CC335444AA}.Release|Any CPU.Build.0 = Release|Any CPU
		{D280DDB0-C4CC-47F9-894E-2E0292473441}.Debug|Any CPU.ActiveCfg = Debug|Any CPU
		{D280DDB0-C4CC-47F9-894E-2E0292473441}.Debug|Any CPU.Build.0 = Debug|Any CPU
		{D280DDB0-C4CC-47F9-894E-2E0292473441}.Release|Any CPU.ActiveCfg = Release|Any CPU
		{D280DDB0-C4CC-47F9-894E-2E0292473441}.Release|Any CPU.Build.0 = Release|Any CPU
	EndGlobalSection
	GlobalSection(SolutionProperties) = preSolution
		HideSolutionNode = FALSE
	EndGlobalSection
	GlobalSection(ExtensibilityGlobals) = postSolution
		SolutionGuid = {966A35CE-A2B9-49D8-896B-15B469D9B64A}
	EndGlobalSection
EndGlobal
